
Microsoft Visual Studio Solution File, Format Version 12.00
# Visual Studio Version 16
VisualStudioVersion = 16.0.29613.14
MinimumVisualStudioVersion = 10.0.40219.1
Project("{9A19103F-16F7-4668-BE54-9A1E7A4F7556}") = "MarianaoWars", "MarianaoWars\MarianaoWars.csproj", "{CCC02645-7379-445C-A3F5-25F077AE8ABE}"
EndProject
Global
	GlobalSection(SolutionConfigurationPlatforms) = preSolution
		Debug|Any CPU = Debug|Any CPU
		Release|Any CPU = Release|Any CPU
	EndGlobalSection
	GlobalSection(ProjectConfigurationPlatforms) = postSolution
		{CCC02645-7379-445C-A3F5-25F077AE8ABE}.Debug|Any CPU.ActiveCfg = Debug|Any CPU
		{CCC02645-7379-445C-A3F5-25F077AE8ABE}.Debug|Any CPU.Build.0 = Debug|Any CPU
		{CCC02645-7379-445C-A3F5-25F077AE8ABE}.Release|Any CPU.ActiveCfg = Release|Any CPU
		{CCC02645-7379-445C-A3F5-25F077AE8ABE}.Release|Any CPU.Build.0 = Release|Any CPU
	EndGlobalSection
	GlobalSection(SolutionProperties) = preSolution
		HideSolutionNode = FALSE
	EndGlobalSection
	GlobalSection(ExtensibilityGlobals) = postSolution
		SolutionGuid = {6AE876CC-C2F7-41E3-A46E-C757A5C97DF1}
	EndGlobalSection
EndGlobal
